
Microsoft Visual Studio Solution File, Format Version 12.00
# Visual Studio 15
VisualStudioVersion = 15.0.27130.2010
MinimumVisualStudioVersion = 10.0.40219.1
Project("{FAE04EC0-301F-11D3-BF4B-00C04F79EFBC}") = "Bulldozer", "Bulldozer\Bulldozer.csproj", "{5A169E21-C194-4F84-A2E8-447B2C703B6E}"
EndProject
Global
	GlobalSection(SolutionConfigurationPlatforms) = preSolution
		Debug|Any CPU = Debug|Any CPU
		Release|Any CPU = Release|Any CPU
	EndGlobalSection
	GlobalSection(ProjectConfigurationPlatforms) = postSolution
		{5A169E21-C194-4F84-A2E8-447B2C703B6E}.Debug|Any CPU.ActiveCfg = Debug|Any CPU
		{5A169E21-C194-4F84-A2E8-447B2C703B6E}.Debug|Any CPU.Build.0 = Debug|Any CPU
		{5A169E21-C194-4F84-A2E8-447B2C703B6E}.Release|Any CPU.ActiveCfg = Release|Any CPU
		{5A169E21-C194-4F84-A2E8-447B2C703B6E}.Release|Any CPU.Build.0 = Release|Any CPU
	EndGlobalSection
	GlobalSection(SolutionProperties) = preSolution
		HideSolutionNode = FALSE
	EndGlobalSection
	GlobalSection(ExtensibilityGlobals) = postSolution
		SolutionGuid = {811CA94E-8474-4DE9-907C-C1C3AEE8D43A}
	EndGlobalSection
EndGlobal
